
Microsoft Visual Studio Solution File, Format Version 12.00
# Visual Studio 15
VisualStudioVersion = 15.0.28307.421
MinimumVisualStudioVersion = 10.0.40219.1
Project("{FAE04EC0-301F-11D3-BF4B-00C04F79EFBC}") = "Server", "Server.csproj", "{BA04F853-CF79-4C81-9DEE-C747DA0D8393}"
EndProject
Project("{13B669BE-BB05-4DDF-9536-439F39A36129}") = "oscar", "oscar.msbuildproj", "{64A090D7-3245-45D5-95DC-1A9A2B423C83}"
EndProject
Global
	GlobalSection(SolutionConfigurationPlatforms) = preSolution
		Debug|Any CPU = Debug|Any CPU
		Release|Any CPU = Release|Any CPU
	EndGlobalSection
	GlobalSection(ProjectConfigurationPlatforms) = postSolution
		{BA04F853-CF79-4C81-9DEE-C747DA0D8393}.Debug|Any CPU.ActiveCfg = Debug|Any CPU
		{BA04F853-CF79-4C81-9DEE-C747DA0D8393}.Debug|Any CPU.Build.0 = Debug|Any CPU
		{BA04F853-CF79-4C81-9DEE-C747DA0D8393}.Release|Any CPU.ActiveCfg = Release|Any CPU
		{BA04F853-CF79-4C81-9DEE-C747DA0D8393}.Release|Any CPU.Build.0 = Release|Any CPU
		{64A090D7-3245-45D5-95DC-1A9A2B423C83}.Debug|Any CPU.ActiveCfg = Debug|Any CPU
		{64A090D7-3245-45D5-95DC-1A9A2B423C83}.Debug|Any CPU.Build.0 = Debug|Any CPU
		{64A090D7-3245-45D5-95DC-1A9A2B423C83}.Release|Any CPU.ActiveCfg = Release|Any CPU
		{64A090D7-3245-45D5-95DC-1A9A2B423C83}.Release|Any CPU.Build.0 = Release|Any CPU
	EndGlobalSection
	GlobalSection(SolutionProperties) = preSolution
		HideSolutionNode = FALSE
	EndGlobalSection
	GlobalSection(ExtensibilityGlobals) = postSolution
		SolutionGuid = {4C9FA5C9-2504-41B9-8120-F76E4E649042}
	EndGlobalSection
EndGlobal
