
Microsoft Visual Studio Solution File, Format Version 12.00
# Visual Studio Version 16
VisualStudioVersion = 16.0.30002.166
MinimumVisualStudioVersion = 10.0.40219.1
Project("{13B669BE-BB05-4DDF-9536-439F39A36129}") = "oscar", "oscar.msbuildproj", "{6FA634D4-9474-4F65-87A7-541970E827F6}"
EndProject
Global
	GlobalSection(SolutionConfigurationPlatforms) = preSolution
		Debug|Any CPU = Debug|Any CPU
		Release|Any CPU = Release|Any CPU
	EndGlobalSection
	GlobalSection(ProjectConfigurationPlatforms) = postSolution
		{6FA634D4-9474-4F65-87A7-541970E827F6}.Debug|Any CPU.ActiveCfg = Debug|Any CPU
		{6FA634D4-9474-4F65-87A7-541970E827F6}.Debug|Any CPU.Build.0 = Debug|Any CPU
		{6FA634D4-9474-4F65-87A7-541970E827F6}.Release|Any CPU.ActiveCfg = Release|Any CPU
		{6FA634D4-9474-4F65-87A7-541970E827F6}.Release|Any CPU.Build.0 = Release|Any CPU
	EndGlobalSection
	GlobalSection(SolutionProperties) = preSolution
		HideSolutionNode = FALSE
	EndGlobalSection
	GlobalSection(ExtensibilityGlobals) = postSolution
		SolutionGuid = {F09F173C-4F4B-46BA-A4D5-5BE44C488070}
	EndGlobalSection
EndGlobal
